
Microsoft Visual Studio Solution File, Format Version 12.00
# Visual Studio Version 16
VisualStudioVersion = 16.0.29613.14
MinimumVisualStudioVersion = 10.0.40219.1
Project("{8BC9CEB8-8B4A-11D0-8D11-00A0C91BC942}") = "EOS", "End Of Skeleton\EOS.vcxproj", "{B3A9349D-CA00-42CC-848E-7FE1C41A9D8D}"
EndProject
Global
	GlobalSection(SolutionConfigurationPlatforms) = preSolution
		Debug|x64 = Debug|x64
		Debug|x86 = Debug|x86
		Release|x64 = Release|x64
		Release|x86 = Release|x86
	EndGlobalSection
	GlobalSection(ProjectConfigurationPlatforms) = postSolution
		{B3A9349D-CA00-42CC-848E-7FE1C41A9D8D}.Debug|x64.ActiveCfg = Debug|x64
		{B3A9349D-CA00-42CC-848E-7FE1C41A9D8D}.Debug|x64.Build.0 = Debug|x64
		{B3A9349D-CA00-42CC-848E-7FE1C41A9D8D}.Debug|x86.ActiveCfg = Debug|Win32
		{B3A9349D-CA00-42CC-848E-7FE1C41A9D8D}.Debug|x86.Build.0 = Debug|Win32
		{B3A9349D-CA00-42CC-848E-7FE1C41A9D8D}.Release|x64.ActiveCfg = Release|x64
		{B3A9349D-CA00-42CC-848E-7FE1C41A9D8D}.Release|x64.Build.0 = Release|x64
		{B3A9349D-CA00-42CC-848E-7FE1C41A9D8D}.Release|x86.ActiveCfg = Release|Win32
		{B3A9349D-CA00-42CC-848E-7FE1C41A9D8D}.Release|x86.Build.0 = Release|Win32
	EndGlobalSection
	GlobalSection(SolutionProperties) = preSolution
		HideSolutionNode = FALSE
	EndGlobalSection
	GlobalSection(ExtensibilityGlobals) = postSolution
		SolutionGuid = {B570D7F5-966E-4393-AEE0-5BA1DB902D91}
	EndGlobalSection
EndGlobal
